
Microsoft Visual Studio Solution File, Format Version 12.00
# Visual Studio Version 17
VisualStudioVersion = 17.3.32929.385
MinimumVisualStudioVersion = 10.0.40219.1
Project("{8BC9CEB8-8B4A-11D0-8D11-00A0C91BC942}") = "SP11", "SP11\SP11.vcxproj", "{7EF2BBC4-A72F-4FAD-96BC-3ED7BFE8024D}"
EndProject
Global
	GlobalSection(SolutionConfigurationPlatforms) = preSolution
		Debug|x64 = Debug|x64
		Debug|x86 = Debug|x86
		Release|x64 = Release|x64
		Release|x86 = Release|x86
	EndGlobalSection
	GlobalSection(ProjectConfigurationPlatforms) = postSolution
		{7EF2BBC4-A72F-4FAD-96BC-3ED7BFE8024D}.Debug|x64.ActiveCfg = Debug|x64
		{7EF2BBC4-A72F-4FAD-96BC-3ED7BFE8024D}.Debug|x64.Build.0 = Debug|x64
		{7EF2BBC4-A72F-4FAD-96BC-3ED7BFE8024D}.Debug|x86.ActiveCfg = Debug|Win32
		{7EF2BBC4-A72F-4FAD-96BC-3ED7BFE8024D}.Debug|x86.Build.0 = Debug|Win32
		{7EF2BBC4-A72F-4FAD-96BC-3ED7BFE8024D}.Release|x64.ActiveCfg = Release|x64
		{7EF2BBC4-A72F-4FAD-96BC-3ED7BFE8024D}.Release|x64.Build.0 = Release|x64
		{7EF2BBC4-A72F-4FAD-96BC-3ED7BFE8024D}.Release|x86.ActiveCfg = Release|Win32
		{7EF2BBC4-A72F-4FAD-96BC-3ED7BFE8024D}.Release|x86.Build.0 = Release|Win32
	EndGlobalSection
	GlobalSection(SolutionProperties) = preSolution
		HideSolutionNode = FALSE
	EndGlobalSection
	GlobalSection(ExtensibilityGlobals) = postSolution
		SolutionGuid = {7F461366-E608-40F4-81F9-766331E3F2FA}
	EndGlobalSection
EndGlobal
