
Microsoft Visual Studio Solution File, Format Version 12.00
# Visual Studio Version 17
VisualStudioVersion = 17.8.34316.72
MinimumVisualStudioVersion = 10.0.40219.1
Project("{FAE04EC0-301F-11D3-BF4B-00C04F79EFBC}") = "lab_3_SPP_ASP_NET", "lab_3_SPP_ASP_NET\lab_3_SPP_ASP_NET.csproj", "{08B63DDD-9A9D-4CC8-A870-B28E520C89FC}"
EndProject
Global
	GlobalSection(SolutionConfigurationPlatforms) = preSolution
		Debug|Any CPU = Debug|Any CPU
		Release|Any CPU = Release|Any CPU
	EndGlobalSection
	GlobalSection(ProjectConfigurationPlatforms) = postSolution
		{08B63DDD-9A9D-4CC8-A870-B28E520C89FC}.Debug|Any CPU.ActiveCfg = Debug|Any CPU
		{08B63DDD-9A9D-4CC8-A870-B28E520C89FC}.Debug|Any CPU.Build.0 = Debug|Any CPU
		{08B63DDD-9A9D-4CC8-A870-B28E520C89FC}.Release|Any CPU.ActiveCfg = Release|Any CPU
		{08B63DDD-9A9D-4CC8-A870-B28E520C89FC}.Release|Any CPU.Build.0 = Release|Any CPU
	EndGlobalSection
	GlobalSection(SolutionProperties) = preSolution
		HideSolutionNode = FALSE
	EndGlobalSection
	GlobalSection(ExtensibilityGlobals) = postSolution
		SolutionGuid = {E19C045E-09C8-4B30-B343-3CFCC43965FB}
	EndGlobalSection
EndGlobal
