
Microsoft Visual Studio Solution File, Format Version 12.00
# Visual Studio Version 17
VisualStudioVersion = 17.8.34316.72
MinimumVisualStudioVersion = 10.0.40219.1
Project("{FAE04EC0-301F-11D3-BF4B-00C04F79EFBC}") = "lab_3", "lab_3\lab_3.csproj", "{BA92B7A4-5E90-4329-95B6-9D821F631030}"
EndProject
Global
	GlobalSection(SolutionConfigurationPlatforms) = preSolution
		Debug|Any CPU = Debug|Any CPU
		Release|Any CPU = Release|Any CPU
	EndGlobalSection
	GlobalSection(ProjectConfigurationPlatforms) = postSolution
		{BA92B7A4-5E90-4329-95B6-9D821F631030}.Debug|Any CPU.ActiveCfg = Debug|Any CPU
		{BA92B7A4-5E90-4329-95B6-9D821F631030}.Debug|Any CPU.Build.0 = Debug|Any CPU
		{BA92B7A4-5E90-4329-95B6-9D821F631030}.Release|Any CPU.ActiveCfg = Release|Any CPU
		{BA92B7A4-5E90-4329-95B6-9D821F631030}.Release|Any CPU.Build.0 = Release|Any CPU
	EndGlobalSection
	GlobalSection(SolutionProperties) = preSolution
		HideSolutionNode = FALSE
	EndGlobalSection
	GlobalSection(ExtensibilityGlobals) = postSolution
		SolutionGuid = {DCFE5694-975A-4826-83D3-876F656A516E}
	EndGlobalSection
EndGlobal
