
Microsoft Visual Studio Solution File, Format Version 12.00
# Visual Studio Version 17
VisualStudioVersion = 17.8.34316.72
MinimumVisualStudioVersion = 10.0.40219.1
Project("{FAE04EC0-301F-11D3-BF4B-00C04F79EFBC}") = "OOTPiSP_5", "OOTPiSP_5\OOTPiSP_5.csproj", "{006FCE81-D593-4E97-B115-C851E7AD444E}"
EndProject
Global
	GlobalSection(SolutionConfigurationPlatforms) = preSolution
		Debug|Any CPU = Debug|Any CPU
		Release|Any CPU = Release|Any CPU
	EndGlobalSection
	GlobalSection(ProjectConfigurationPlatforms) = postSolution
		{006FCE81-D593-4E97-B115-C851E7AD444E}.Debug|Any CPU.ActiveCfg = Debug|Any CPU
		{006FCE81-D593-4E97-B115-C851E7AD444E}.Debug|Any CPU.Build.0 = Debug|Any CPU
		{006FCE81-D593-4E97-B115-C851E7AD444E}.Release|Any CPU.ActiveCfg = Release|Any CPU
		{006FCE81-D593-4E97-B115-C851E7AD444E}.Release|Any CPU.Build.0 = Release|Any CPU
	EndGlobalSection
	GlobalSection(SolutionProperties) = preSolution
		HideSolutionNode = FALSE
	EndGlobalSection
	GlobalSection(ExtensibilityGlobals) = postSolution
		SolutionGuid = {AD8E015B-EADA-4A56-92A5-A02404D0B20B}
	EndGlobalSection
EndGlobal
