
Microsoft Visual Studio Solution File, Format Version 12.00
# Visual Studio Version 17
VisualStudioVersion = 17.8.34316.72
MinimumVisualStudioVersion = 10.0.40219.1
Project("{FAE04EC0-301F-11D3-BF4B-00C04F79EFBC}") = "OOTPiSP_4", "OOTPiSP_4\OOTPiSP_4.csproj", "{0930CA29-5142-49B3-9899-BBF4E173BD5D}"
EndProject
Global
	GlobalSection(SolutionConfigurationPlatforms) = preSolution
		Debug|Any CPU = Debug|Any CPU
		Release|Any CPU = Release|Any CPU
	EndGlobalSection
	GlobalSection(ProjectConfigurationPlatforms) = postSolution
		{0930CA29-5142-49B3-9899-BBF4E173BD5D}.Debug|Any CPU.ActiveCfg = Debug|Any CPU
		{0930CA29-5142-49B3-9899-BBF4E173BD5D}.Debug|Any CPU.Build.0 = Debug|Any CPU
		{0930CA29-5142-49B3-9899-BBF4E173BD5D}.Release|Any CPU.ActiveCfg = Release|Any CPU
		{0930CA29-5142-49B3-9899-BBF4E173BD5D}.Release|Any CPU.Build.0 = Release|Any CPU
	EndGlobalSection
	GlobalSection(SolutionProperties) = preSolution
		HideSolutionNode = FALSE
	EndGlobalSection
	GlobalSection(ExtensibilityGlobals) = postSolution
		SolutionGuid = {011758AD-DA42-4580-B765-2A8633D90E5A}
	EndGlobalSection
EndGlobal
